
Microsoft Visual Studio Solution File, Format Version 12.00
# Visual Studio Version 17
VisualStudioVersion = 17.1.32421.90
MinimumVisualStudioVersion = 10.0.40219.1
Project("{9A19103F-16F7-4668-BE54-9A1E7A4F7556}") = "AccessControls.Extension.AspNetCore", "src\AccessControl.Extension.AspNetCore\AccessControls.Extension.AspNetCore.csproj", "{CF9015E1-5FCB-4A9C-BA7D-B4D09F14B929}"
EndProject
Project("{2150E333-8FDC-42A3-9474-1A3956D46DE8}") = "src", "src", "{477DABAC-0CBB-4EC3-ACBD-7235B69CA452}"
EndProject
Project("{2150E333-8FDC-42A3-9474-1A3956D46DE8}") = "samples", "samples", "{7CDF6ED3-B7D7-4740-914A-0BC3438D7B30}"
EndProject
Project("{9A19103F-16F7-4668-BE54-9A1E7A4F7556}") = "AccessControlDemo", "samples\AccessControlDemo\AccessControlDemo.csproj", "{36500CFD-452B-4ABC-9B03-3286E0933F16}"
EndProject
Project("{2150E333-8FDC-42A3-9474-1A3956D46DE8}") = "doc", "doc", "{27E9EA50-3FF9-4F7D-BD0F-8337C56CF26F}"
	ProjectSection(SolutionItems) = preProject
		LICENSE = LICENSE
		README.md = README.md
	EndProjectSection
EndProject
Global
	GlobalSection(SolutionConfigurationPlatforms) = preSolution
		Debug|Any CPU = Debug|Any CPU
		Release|Any CPU = Release|Any CPU
	EndGlobalSection
	GlobalSection(ProjectConfigurationPlatforms) = postSolution
		{CF9015E1-5FCB-4A9C-BA7D-B4D09F14B929}.Debug|Any CPU.ActiveCfg = Debug|Any CPU
		{CF9015E1-5FCB-4A9C-BA7D-B4D09F14B929}.Debug|Any CPU.Build.0 = Debug|Any CPU
		{CF9015E1-5FCB-4A9C-BA7D-B4D09F14B929}.Release|Any CPU.ActiveCfg = Release|Any CPU
		{CF9015E1-5FCB-4A9C-BA7D-B4D09F14B929}.Release|Any CPU.Build.0 = Release|Any CPU
		{36500CFD-452B-4ABC-9B03-3286E0933F16}.Debug|Any CPU.ActiveCfg = Debug|Any CPU
		{36500CFD-452B-4ABC-9B03-3286E0933F16}.Debug|Any CPU.Build.0 = Debug|Any CPU
		{36500CFD-452B-4ABC-9B03-3286E0933F16}.Release|Any CPU.ActiveCfg = Release|Any CPU
		{36500CFD-452B-4ABC-9B03-3286E0933F16}.Release|Any CPU.Build.0 = Release|Any CPU
	EndGlobalSection
	GlobalSection(SolutionProperties) = preSolution
		HideSolutionNode = FALSE
	EndGlobalSection
	GlobalSection(NestedProjects) = preSolution
		{CF9015E1-5FCB-4A9C-BA7D-B4D09F14B929} = {477DABAC-0CBB-4EC3-ACBD-7235B69CA452}
		{36500CFD-452B-4ABC-9B03-3286E0933F16} = {7CDF6ED3-B7D7-4740-914A-0BC3438D7B30}
	EndGlobalSection
	GlobalSection(ExtensibilityGlobals) = postSolution
		SolutionGuid = {2C63E848-E9C7-46C9-A341-6868C403A135}
	EndGlobalSection
EndGlobal
